<Solution>
  <Folder Name="/SolutionItems/">
    <File Path=".gitignore" />
    <File Path="Directory.Build.props" />
    <File Path="LICENSE" />
    <File Path="NOTICE" />
    <File Path="README.md" />
  </Folder>
  <Folder Name="/src/">
    <Project Path="src/ArrayPools/Continuum.ArrayPools.csproj" />
    <Project Path="src/AsyncExtensions/Continuum.AsyncExtensions.csproj" />
    <Project Path="src/Core.Orleans/Continuum.Core.Orleans.csproj" />
    <Project Path="src/Core.SourceGenerators/Continuum.Core.SourceGenerators.csproj" />
    <Project Path="src/Core/Continuum.Core.csproj" />
    <Project Path="src/CSharpFunctionalExtensions.Orleans/Continuum.CSharpFunctionalExtensions.Orleans.csproj" />
    <Project Path="src/CSharpFunctionalExtensions.SourceGenerators/Continuum.CSharpFunctionalExtensions.SourceGenerators.csproj" />
    <Project Path="src/CSharpFunctionalExtensions.Validators.US/Continuum.CSharpFunctionalExtensions.Validators.US.csproj" />
    <Project Path="src/CSharpFunctionalExtensions/Continuum.CSharpFunctionalExtensions.csproj" />
    <Project Path="src/Domain.Orleans.TestHarness/Continuum.Domain.Orleans.TestHarness.csproj" />
    <Project Path="src/Domain.Orleans/Continuum.Domain.Orleans.csproj" />
    <Project Path="src/Domain/Continuum.Domain.csproj" />
    <Project Path="src/EventSourcing.Orleans.CosmosDB/Continuum.EventSourcing.Orleans.CosmosDB.csproj" />
    <Project Path="src/EventSourcing.Orleans.KurrentDB.Abstractions/Continuum.EventSourcing.Orleans.KurrentDB.Abstractions.csproj" Id="5038290f-20d6-4874-be2b-344f2ec60498" />
    <Project Path="src/EventSourcing.Orleans.KurrentDB.Analyzers/Continuum.EventSourcing.Orleans.KurrentDB.Analyzers.csproj" />
    <Project Path="src/EventSourcing.Orleans.KurrentDB/Continuum.EventSourcing.Orleans.KurrentDB.csproj" />
    <Project Path="src/EventSourcing.Orleans/Continuum.EventSourcing.Orleans.csproj" />
    <Project Path="src/EventSourcing/Continuum.EventSourcing.csproj" />
    <Project Path="src/NewId.Orleans/Continuum.NewId.Orleans.csproj" />
    <Project Path="src/NewId/Continuum.NewId.csproj" />
    <Project Path="src/Orleans.KurrentDB/Continuum.Orleans.KurrentDB.csproj" />
    <Project Path="src/Persistence.Orleans.KurrentDB/Continuum.Persistence.Orleans.KurrentDB.csproj" />
    <Project Path="src/Persistence.Orleans/Continuum.Persistence.Orleans.csproj" />
    <Project Path="src/Persistence/Continuum.Persistence.csproj" />
  </Folder>
  <Folder Name="/tests/">
    <Project Path="tests/ArrayPools.Tests/Continuum.ArrayPools.Tests.csproj" />
    <Project Path="tests/AsyncExtensions.Tests/Continuum.AsyncExtensions.Tests.csproj" />
    <Project Path="tests/Core.AotSmokeTest/Continuum.Core.AotSmokeTest.csproj" />
    <Project Path="tests/Core.Benchmarks/Continuum.Core.Benchmarks.csproj" />
    <Project Path="tests/Core.Orleans.Tests/Continuum.Core.Orleans.Tests.csproj" />
    <Project Path="tests/Core.SourceGenerators.Tests/Continuum.Core.SourceGenerators.Tests.csproj" />
    <Project Path="tests/Core.Tests/Continuum.Core.Tests.csproj" />
    <Project Path="tests/CSharpFunctionalExtensions.AotSmokeTest/Continuum.CSharpFunctionalExtensions.AotSmokeTest.csproj" />
    <Project Path="tests/CSharpFunctionalExtensions.Benchmarks/Continuum.CSharpFunctionalExtensions.Benchmarks.csproj" />
    <Project Path="tests/CSharpFunctionalExtensions.Orleans.Tests/Continuum.CSharpFunctionalExtensions.Orleans.Tests.csproj" />
    <Project Path="tests/CSharpFunctionalExtensions.Tests/Continuum.CSharpFunctionalExtensions.Tests.csproj" />
    <Project Path="tests/CSharpFunctionalExtensions.Validators.US.Tests/Continuum.CSharpFunctionalExtensions.Validators.US.Tests.csproj" />
    <Project Path="tests/Domain.AotSmokeTest/Continuum.Domain.AotSmokeTest.csproj" />
    <Project Path="tests/Domain.Orleans.Tests/Continuum.Domain.Orleans.Tests.csproj" />
    <Project Path="tests/Domain.Tests/Continuum.Domain.Tests.csproj" />
    <Project Path="tests/EventSourcing.AotSmokeTest/Continuum.EventSourcing.AotSmokeTest.csproj" />
    <Project Path="tests/EventSourcing.Orleans.CosmosDB.Tests/Continuum.EventSourcing.Orleans.CosmosDB.Tests.csproj" />
    <Project Path="tests/EventSourcing.Orleans.KurrentDB.Abstractions.Tests/Continuum.EventSourcing.Orleans.KurrentDB.Abstractions.Tests.csproj" />
    <Project Path="tests/EventSourcing.Orleans.KurrentDB.Analyzers.Tests/Continuum.EventSourcing.Orleans.KurrentDB.Analyzers.Tests.csproj" />
    <Project Path="tests/EventSourcing.Orleans.KurrentDB.Tests/Continuum.EventSourcing.Orleans.KurrentDB.Tests.csproj" />
    <Project Path="tests/NewId.Benchmarks/Continuum.NewId.Benchmarks.csproj" />
    <Project Path="tests/NewId.Orleans.Tests/Continuum.NewId.Orleans.Tests.csproj" />
    <Project Path="tests/NewId.Tests/Continuum.NewId.Tests.csproj" />
    <Project Path="tests/Persistence.AotSmokeTest/Continuum.Persistence.AotSmokeTest.csproj" />
    <Project Path="tests/Persistence.Orleans.KurrentDB.Tests/Continuum.Persistence.Orleans.KurrentDB.Tests.csproj" />
  </Folder>
</Solution>
